
Microsoft Visual Studio Solution File, Format Version 12.00
# Visual Studio Version 16
VisualStudioVersion = 16.0.29230.47
MinimumVisualStudioVersion = 10.0.40219.1
Project("{FAE04EC0-301F-11D3-BF4B-00C04F79EFBC}") = "sb-admin.web", "sb-admin.web\sb-admin.web.csproj", "{9A53AD86-F83F-4992-99D1-33DAC7C4CBB5}"
EndProject
Global
	GlobalSection(SolutionConfigurationPlatforms) = preSolution
		Debug|Any CPU = Debug|Any CPU
		Release|Any CPU = Release|Any CPU
	EndGlobalSection
	GlobalSection(ProjectConfigurationPlatforms) = postSolution
		{9A53AD86-F83F-4992-99D1-33DAC7C4CBB5}.Debug|Any CPU.ActiveCfg = Debug|Any CPU
		{9A53AD86-F83F-4992-99D1-33DAC7C4CBB5}.Debug|Any CPU.Build.0 = Debug|Any CPU
		{9A53AD86-F83F-4992-99D1-33DAC7C4CBB5}.Release|Any CPU.ActiveCfg = Release|Any CPU
		{9A53AD86-F83F-4992-99D1-33DAC7C4CBB5}.Release|Any CPU.Build.0 = Release|Any CPU
	EndGlobalSection
	GlobalSection(SolutionProperties) = preSolution
		HideSolutionNode = FALSE
	EndGlobalSection
	GlobalSection(ExtensibilityGlobals) = postSolution
		SolutionGuid = {91EC92CE-8D2E-4DE9-91D1-5FA3E1843C4C}
	EndGlobalSection
EndGlobal
